<?xml version="1.0" encoding="utf-8"?>
<Project ToolsVersion="4.0" xmlns="http://schemas.microsoft.com/developer/msbuild/2003">
  <ItemGroup>
    <Filter Include="Archivos de origen">
      <UniqueIdentifier>{4FC737F1-C7A5-4376-A066-2A32D752A2FF}</UniqueIdentifier>
      <Extensions>cpp;c;cc;cxx;c++;cppm;ixx;def;odl;idl;hpj;bat;asm;asmx</Extensions>
    </Filter>
    <Filter Include="Archivos de encabezado">
      <UniqueIdentifier>{93995380-89BD-4b04-88EB-625FBE52EBFB}</UniqueIdentifier>
      <Extensions>h;hh;hpp;hxx;h++;hm;inl;inc;ipp;xsd</Extensions>
    </Filter>
    <Filter Include="Archivos de recursos">
      <UniqueIdentifier>{67DA6AB6-F800-4c08-8B7A-83BB121AAD01}</UniqueIdentifier>
      <Extensions>rc;ico;cur;bmp;dlg;rc2;rct;bin;rgs;gif;jpg;jpeg;jpe;resx;tiff;tif;png;wav;mfcribbon-ms</Extensions>
    </Filter>
    <Filter Include="Archivos de origen\Precompiled Headers">
      <UniqueIdentifier>{120f3582-1ee6-4e03-a87f-fe42ae52eca4}</UniqueIdentifier>
    </Filter>
    <Filter Include="Archivos de encabezado\Precompiled Headers">
      <UniqueIdentifier>{5973a64d-db6d-4359-befb-b65d19cff899}</UniqueIdentifier>
    </Filter>
    <Filter Include="Archivos de encabezado\Interface">
      <UniqueIdentifier>{d76cc8ce-5499-4e5a-a081-5fc8b13cdae6}</UniqueIdentifier>
    </Filter>
    <Filter Include="Archivos de origen\Interface">
      <UniqueIdentifier>{1d804765-a4c4-4848-9299-2fe8f28e4dda}</UniqueIdentifier>
    </Filter>
    <Filter Include="Archivos de encabezado\Graphics">
      <UniqueIdentifier>{63eaa70d-5736-4ea1-ae42-309134337ab7}</UniqueIdentifier>
    </Filter>
    <Filter Include="Archivos de encabezado\Graphics\Application">
      <UniqueIdentifier>{d03c9c89-db78-4f3c-8f4a-b8f63509ad6b}</UniqueIdentifier>
    </Filter>
    <Filter Include="Archivos de encabezado\Graphics\Core">
      <UniqueIdentifier>{076d31fe-9b18-417f-aa86-6efda9fefa83}</UniqueIdentifier>
    </Filter>
    <Filter Include="Archivos de origen\Graphics">
      <UniqueIdentifier>{1f8708e7-4912-444e-8078-6bc9f7587ea8}</UniqueIdentifier>
    </Filter>
    <Filter Include="Archivos de origen\Graphics\Application">
      <UniqueIdentifier>{89718b4f-792d-4640-96fa-bb7aee180dc6}</UniqueIdentifier>
    </Filter>
    <Filter Include="Archivos de origen\Graphics\Core">
      <UniqueIdentifier>{dd2fe66e-e59b-4314-88c0-7fc58812b37f}</UniqueIdentifier>
    </Filter>
    <Filter Include="Archivos de origen\Utilities">
      <UniqueIdentifier>{e814f1f1-dcf3-4c52-b71f-067236a19681}</UniqueIdentifier>
    </Filter>
    <Filter Include="Archivos de encabezado\Utilities">
      <UniqueIdentifier>{9cbb7f80-3cfd-4f56-a414-e367edd6aeef}</UniqueIdentifier>
    </Filter>
    <Filter Include="Archivos de encabezado\Utilities\Fonts">
      <UniqueIdentifier>{0d1e6d8f-1e76-4d79-afeb-d642b190fbf8}</UniqueIdentifier>
    </Filter>
    <Filter Include="Archivos de origen\Interface\Fonts">
      <UniqueIdentifier>{2e3be4e9-e4ef-4bb3-87bd-6ba8a48396eb}</UniqueIdentifier>
    </Filter>
    <Filter Include="Archivos de encabezado\Libraries">
      <UniqueIdentifier>{a1a318db-1d60-4636-8490-ad1e30fcb4aa}</UniqueIdentifier>
    </Filter>
    <Filter Include="Archivos de encabezado\Libraries\lodepng">
      <UniqueIdentifier>{47eb04dd-48fe-46a1-a09b-d9ff2b7c55d7}</UniqueIdentifier>
    </Filter>
    <Filter Include="Archivos de origen\Libraries">
      <UniqueIdentifier>{7d1eddb4-6333-4860-a0a4-8cd43d3f88d2}</UniqueIdentifier>
    </Filter>
    <Filter Include="Archivos de origen\Libraries\lodepng">
      <UniqueIdentifier>{3f739048-c2c3-45bc-a21c-5bafcdaa4fcf}</UniqueIdentifier>
    </Filter>
    <Filter Include="Archivos de encabezado\Libraries\imgui">
      <UniqueIdentifier>{100d1cce-bb71-4172-be11-96d0bf8c1477}</UniqueIdentifier>
    </Filter>
    <Filter Include="Archivos de origen\Libraries\imgui">
      <UniqueIdentifier>{28eb36c9-d298-4c96-a2f7-6ebe438027f9}</UniqueIdentifier>
    </Filter>
    <Filter Include="Archivos de encabezado\Graphics\Core\Shader">
      <UniqueIdentifier>{3c36f131-361c-46bf-aa82-2ef5d88ddbd6}</UniqueIdentifier>
    </Filter>
    <Filter Include="Archivos de origen\Graphics\Core\Shader">
      <UniqueIdentifier>{cb88332c-e1dd-494b-8975-f0f816a18414}</UniqueIdentifier>
    </Filter>
    <Filter Include="Archivos de recursos\Shaders">
      <UniqueIdentifier>{c2d0fbe6-55af-42e9-8570-45268dd62c16}</UniqueIdentifier>
    </Filter>
    <Filter Include="Archivos de recursos\Shaders\Rendering">
      <UniqueIdentifier>{3de977cb-ef89-4fea-9463-0b8560b50bf8}</UniqueIdentifier>
    </Filter>
    <Filter Include="Archivos de encabezado\Libraries\objloader">
      <UniqueIdentifier>{78c0e641-3061-4066-9400-f168e9521686}</UniqueIdentifier>
    </Filter>
    <Filter Include="Archivos de origen\Libraries\objloader">
      <UniqueIdentifier>{9638d53b-d753-4a1e-8466-a6f3dd6a005a}</UniqueIdentifier>
    </Filter>
    <Filter Include="Archivos de encabezado\Geometry">
      <UniqueIdentifier>{b8d8aa19-e8b3-4876-a0ef-b4d423911240}</UniqueIdentifier>
    </Filter>
    <Filter Include="Archivos de encabezado\Geometry\3D">
      <UniqueIdentifier>{801eeeff-f7c9-4ac7-8afb-6bdad7f9b4fc}</UniqueIdentifier>
    </Filter>
    <Filter Include="Archivos de origen\Geometry">
      <UniqueIdentifier>{16408953-be12-429e-bccd-a905e8dc6e41}</UniqueIdentifier>
    </Filter>
    <Filter Include="Archivos de origen\Geometry\3D">
      <UniqueIdentifier>{ffeaee46-8dd3-4bf6-ba48-3da13b996c0c}</UniqueIdentifier>
    </Filter>
    <Filter Include="Archivos de encabezado\Graphics\Core\Models">
      <UniqueIdentifier>{629ca43c-af4b-4417-8f0a-192d3b2b9e6d}</UniqueIdentifier>
    </Filter>
    <Filter Include="Archivos de encabezado\Graphics\Core\Image">
      <UniqueIdentifier>{8970c487-28ac-4ea8-84f6-20d1f080c64c}</UniqueIdentifier>
    </Filter>
    <Filter Include="Archivos de encabezado\Graphics\Core\FBO">
      <UniqueIdentifier>{0b83f19c-c118-45d8-9cdc-70a6069712b9}</UniqueIdentifier>
    </Filter>
    <Filter Include="Archivos de encabezado\Graphics\Core\ClassicOpenGL">
      <UniqueIdentifier>{04aeed85-6c77-4004-bf2f-5c53a9772008}</UniqueIdentifier>
    </Filter>
    <Filter Include="Archivos de origen\Graphics\Core\FBO">
      <UniqueIdentifier>{e7fe4d36-0925-4e67-b3a4-2aea78ed2312}</UniqueIdentifier>
    </Filter>
    <Filter Include="Archivos de origen\Graphics\Core\Models">
      <UniqueIdentifier>{b0468d3f-45c7-4c4f-8f52-bead9d25a809}</UniqueIdentifier>
    </Filter>
    <Filter Include="Archivos de origen\Graphics\Core\Image">
      <UniqueIdentifier>{ffaab1f3-f95f-48c7-be80-6b2937fc298d}</UniqueIdentifier>
    </Filter>
    <Filter Include="Archivos de origen\Graphics\Core\ClassicOpenGL">
      <UniqueIdentifier>{6cde884e-a14f-4e95-8847-aa4500f83883}</UniqueIdentifier>
    </Filter>
    <Filter Include="Archivos de origen\Graphics\Core\RayTracing">
      <UniqueIdentifier>{13942eaa-c1fc-46e2-9cf1-ddba24a52406}</UniqueIdentifier>
    </Filter>
    <Filter Include="Archivos de encabezado\Graphics\Core\RayTracing">
      <UniqueIdentifier>{33d41e3d-a531-40b5-a4c0-f3a3481982ac}</UniqueIdentifier>
    </Filter>
    <Filter Include="Archivos de encabezado\Graphics\Core\ClassicOpenGL\Camera">
      <UniqueIdentifier>{ff01bd75-9dbc-4f1a-a098-9b215ff10624}</UniqueIdentifier>
    </Filter>
    <Filter Include="Archivos de origen\Graphics\Core\ClassicOpenGL\Camera">
      <UniqueIdentifier>{96b7d802-749c-480b-a9ab-d336424b4230}</UniqueIdentifier>
    </Filter>
    <Filter Include="Archivos de encabezado\Data Structures">
      <UniqueIdentifier>{37206b20-0eeb-4071-9a5b-4f7a776bb4f0}</UniqueIdentifier>
    </Filter>
    <Filter Include="Archivos de origen\Data Structures">
      <UniqueIdentifier>{d11d350b-ce76-48c9-81ed-c77687fee9c0}</UniqueIdentifier>
    </Filter>
    <Filter Include="Archivos de encabezado\Graphics\Core\RayTracing\Material">
      <UniqueIdentifier>{0c4e17c8-bf64-4441-b9ab-95cd60b19e62}</UniqueIdentifier>
    </Filter>
    <Filter Include="Archivos de origen\Graphics\Core\RayTracing\Material">
      <UniqueIdentifier>{62e65101-7c76-4787-8ec7-5602b9a21ae0}</UniqueIdentifier>
    </Filter>
    <Filter Include="Archivos de encabezado\Graphics\Core\RayTracing\Texture">
      <UniqueIdentifier>{16b3f76a-db5e-4fa4-8dbd-ae59327c1197}</UniqueIdentifier>
    </Filter>
    <Filter Include="Archivos de origen\Graphics\Core\RayTracing\Texture">
      <UniqueIdentifier>{f4bf8cfb-91e1-430b-abe5-f202c5ea4510}</UniqueIdentifier>
    </Filter>
    <Filter Include="Archivos de encabezado\Graphics\Core\RayTracing\Models">
      <UniqueIdentifier>{bce401ce-0a3f-4b24-8bd6-f914da043c82}</UniqueIdentifier>
    </Filter>
    <Filter Include="Archivos de origen\Graphics\Core\RayTracing\Models">
      <UniqueIdentifier>{0b2b5eb8-a9a0-4682-b7df-3f289f69d298}</UniqueIdentifier>
    </Filter>
  </ItemGroup>
  <ItemGroup>
    <ClCompile Include="Source\main.cpp">
      <Filter>Archivos de origen</Filter>
    </ClCompile>
    <ClCompile Include="Source\PrecompiledHeaders\stdafx.cpp">
      <Filter>Archivos de origen\Precompiled Headers</Filter>
    </ClCompile>
    <ClCompile Include="Source\Interface\GUI.cpp">
      <Filter>Archivos de origen\Interface</Filter>
    </ClCompile>
    <ClCompile Include="Source\Interface\InputManager.cpp">
      <Filter>Archivos de origen\Interface</Filter>
    </ClCompile>
    <ClCompile Include="Source\Interface\Window.cpp">
      <Filter>Archivos de origen\Interface</Filter>
    </ClCompile>
    <ClCompile Include="Source\Graphics\Application\Renderer.cpp">
      <Filter>Archivos de origen\Graphics\Application</Filter>
    </ClCompile>
    <ClCompile Include="Source\Interface\Fonts\font_awesome.cpp">
      <Filter>Archivos de origen\Interface\Fonts</Filter>
    </ClCompile>
    <ClCompile Include="Source\Interface\Fonts\font_awesome_2.cpp">
      <Filter>Archivos de origen\Interface\Fonts</Filter>
    </ClCompile>
    <ClCompile Include="Source\Interface\Fonts\lato.cpp">
      <Filter>Archivos de origen\Interface\Fonts</Filter>
    </ClCompile>
    <ClCompile Include="Libraries\lodepng\lodepng.cpp">
      <Filter>Archivos de origen\Libraries\lodepng</Filter>
    </ClCompile>
    <ClCompile Include="Libraries\imgui\examples\imgui_impl_glfw.cpp">
      <Filter>Archivos de origen\Libraries\imgui</Filter>
    </ClCompile>
    <ClCompile Include="Libraries\imgui\examples\imgui_impl_opengl3.cpp">
      <Filter>Archivos de origen\Libraries\imgui</Filter>
    </ClCompile>
    <ClCompile Include="Libraries\imgui\imgui.cpp">
      <Filter>Archivos de origen\Libraries\imgui</Filter>
    </ClCompile>
    <ClCompile Include="Libraries\imgui\imgui_widgets.cpp">
      <Filter>Archivos de origen\Libraries\imgui</Filter>
    </ClCompile>
    <ClCompile Include="Libraries\imgui\imgui_tables.cpp">
      <Filter>Archivos de origen\Libraries\imgui</Filter>
    </ClCompile>
    <ClCompile Include="Libraries\imgui\imgui_draw.cpp">
      <Filter>Archivos de origen\Libraries\imgui</Filter>
    </ClCompile>
    <ClCompile Include="Source\Graphics\Core\ComputeShader.cpp">
      <Filter>Archivos de origen\Graphics\Core\Shader</Filter>
    </ClCompile>
    <ClCompile Include="Source\Graphics\Core\RenderingShader.cpp">
      <Filter>Archivos de origen\Graphics\Core\Shader</Filter>
    </ClCompile>
    <ClCompile Include="Source\Graphics\Core\ShaderList.cpp">
      <Filter>Archivos de origen\Graphics\Core\Shader</Filter>
    </ClCompile>
    <ClCompile Include="Source\Graphics\Core\ShaderProgram.cpp">
      <Filter>Archivos de origen\Graphics\Core\Shader</Filter>
    </ClCompile>
    <ClCompile Include="Source\Graphics\Core\OpenGLUtilities.cpp">
      <Filter>Archivos de origen\Graphics\Core</Filter>
    </ClCompile>
    <ClCompile Include="Source\Graphics\Application\MaterialList.cpp">
      <Filter>Archivos de origen\Graphics\Application</Filter>
    </ClCompile>
    <ClCompile Include="Source\Graphics\Application\TextureList.cpp">
      <Filter>Archivos de origen\Graphics\Application</Filter>
    </ClCompile>
    <ClCompile Include="Libraries\objloader\OBJ_Loader.cpp">
      <Filter>Archivos de origen\Libraries\objloader</Filter>
    </ClCompile>
    <ClCompile Include="Source\Geometry\3D\AABB.cpp">
      <Filter>Archivos de origen\Geometry\3D</Filter>
    </ClCompile>
    <ClCompile Include="Source\Graphics\Core\CADModel.cpp">
      <Filter>Archivos de origen\Graphics\Core\Models</Filter>
    </ClCompile>
    <ClCompile Include="Source\Graphics\Core\Model3D.cpp">
      <Filter>Archivos de origen\Graphics\Core\Models</Filter>
    </ClCompile>
    <ClCompile Include="Source\Graphics\Core\Group3D.cpp">
      <Filter>Archivos de origen\Graphics\Core\Models</Filter>
    </ClCompile>
    <ClCompile Include="Source\Graphics\Core\FBO.cpp">
      <Filter>Archivos de origen\Graphics\Core\FBO</Filter>
    </ClCompile>
    <ClCompile Include="Source\Graphics\Core\FBOScreenshot.cpp">
      <Filter>Archivos de origen\Graphics\Core\FBO</Filter>
    </ClCompile>
    <ClCompile Include="Source\Graphics\Core\UnsignedImage.cpp">
      <Filter>Archivos de origen\Graphics\Core\Image</Filter>
    </ClCompile>
    <ClCompile Include="Source\Graphics\Core\RayTracer.cpp">
      <Filter>Archivos de origen\Graphics\Core\RayTracing</Filter>
    </ClCompile>
    <ClCompile Include="Source\Graphics\Core\VAO.cpp">
      <Filter>Archivos de origen\Graphics\Core\ClassicOpenGL</Filter>
    </ClCompile>
    <ClCompile Include="Source\Graphics\Application\CameraManager.cpp">
      <Filter>Archivos de origen\Graphics\Application</Filter>
    </ClCompile>
    <ClCompile Include="Source\Graphics\Application\Scene.cpp">
      <Filter>Archivos de origen\Graphics\Application</Filter>
    </ClCompile>
    <ClCompile Include="Source\Graphics\Core\Camera.cpp">
      <Filter>Archivos de origen\Graphics\Core\ClassicOpenGL\Camera</Filter>
    </ClCompile>
    <ClCompile Include="Source\Graphics\Application\GeometricScene.cpp">
      <Filter>Archivos de origen\Graphics\Application</Filter>
    </ClCompile>
    <ClCompile Include="Source\Geometry\3D\Ray3D.cpp">
      <Filter>Archivos de origen\Geometry\3D</Filter>
    </ClCompile>
    <ClCompile Include="Source\Graphics\Core\LambertianMaterial.cpp">
      <Filter>Archivos de origen\Graphics\Core\RayTracing\Material</Filter>
    </ClCompile>
    <ClCompile Include="Source\Graphics\Core\MetalMaterial.cpp">
      <Filter>Archivos de origen\Graphics\Core\RayTracing\Material</Filter>
    </ClCompile>
    <ClCompile Include="Source\Graphics\Core\DielectricMaterial.cpp">
      <Filter>Archivos de origen\Graphics\Core\RayTracing\Material</Filter>
    </ClCompile>
    <ClCompile Include="Source\DataStructures\BVH.cpp">
      <Filter>Archivos de origen\Data Structures</Filter>
    </ClCompile>
    <ClCompile Include="Source\Graphics\Core\FloatImage.cpp">
      <Filter>Archivos de origen\Graphics\Core\Image</Filter>
    </ClCompile>
    <ClCompile Include="Source\Graphics\Core\OpenGLTexture.cpp">
      <Filter>Archivos de origen\Graphics\Core\ClassicOpenGL</Filter>
    </ClCompile>
    <ClCompile Include="Source\Graphics\Core\ImageTexture.cpp">
      <Filter>Archivos de origen\Graphics\Core\RayTracing\Texture</Filter>
    </ClCompile>
    <ClCompile Include="Source\Graphics\Core\DiffuseLightMaterial.cpp">
      <Filter>Archivos de origen\Graphics\Core\RayTracing\Material</Filter>
    </ClCompile>
    <ClCompile Include="Source\Graphics\Core\Material.cpp">
      <Filter>Archivos de origen\Graphics\Core\RayTracing\Material</Filter>
    </ClCompile>
    <ClCompile Include="Source\Graphics\Core\Texture.cpp">
      <Filter>Archivos de origen\Graphics\Core\RayTracing\Material</Filter>
    </ClCompile>
    <ClCompile Include="Source\Graphics\Core\MaterialType.cpp">
      <Filter>Archivos de origen\Graphics\Core\RayTracing\Material</Filter>
    </ClCompile>
    <ClCompile Include="Source\Graphics\Core\Hittable.cpp">
      <Filter>Archivos de origen\Graphics\Core\RayTracing\Models</Filter>
    </ClCompile>
    <ClCompile Include="Source\Graphics\Core\MovingSphere.cpp">
      <Filter>Archivos de origen\Graphics\Core\RayTracing\Models</Filter>
    </ClCompile>
    <ClCompile Include="Source\Graphics\Core\Rectangle.cpp">
      <Filter>Archivos de origen\Graphics\Core\RayTracing\Models</Filter>
    </ClCompile>
    <ClCompile Include="Source\Graphics\Core\Sphere.cpp">
      <Filter>Archivos de origen\Graphics\Core\RayTracing\Models</Filter>
    </ClCompile>
    <ClCompile Include="Source\Utilities\Perlin.cpp">
      <Filter>Archivos de origen\Utilities</Filter>
    </ClCompile>
    <ClCompile Include="Source\Graphics\Core\NoiseTexture.cpp">
      <Filter>Archivos de origen\Graphics\Core\RayTracing\Texture</Filter>
    </ClCompile>
    <ClCompile Include="Source\Graphics\Core\HittableList.cpp">
      <Filter>Archivos de origen\Graphics\Core\Models</Filter>
    </ClCompile>
    <ClCompile Include="Source\Graphics\Core\Box.cpp">
      <Filter>Archivos de origen\Graphics\Core\RayTracing\Models</Filter>
    </ClCompile>
    <ClCompile Include="Source\Graphics\Core\TransformedHittable.cpp">
      <Filter>Archivos de origen\Graphics\Core\RayTracing\Models</Filter>
    </ClCompile>
    <ClCompile Include="Source\Graphics\Core\ConstantMedium.cpp">
      <Filter>Archivos de origen\Graphics\Core\RayTracing\Models</Filter>
    </ClCompile>
    <ClCompile Include="Source\Graphics\Core\IsotropicMaterial.cpp">
      <Filter>Archivos de origen\Graphics\Core\RayTracing\Material</Filter>
    </ClCompile>
    <ClCompile Include="Source\Utilities\ONB.cpp">
      <Filter>Archivos de origen\Interface</Filter>
    </ClCompile>
  </ItemGroup>
  <ItemGroup>
    <ClInclude Include="Source\PrecompiledHeaders\stdafx.h">
      <Filter>Archivos de encabezado\Precompiled Headers</Filter>
    </ClInclude>
    <ClInclude Include="Source\Interface\GUI.h">
      <Filter>Archivos de encabezado\Interface</Filter>
    </ClInclude>
    <ClInclude Include="Source\Interface\InputManager.h">
      <Filter>Archivos de encabezado\Interface</Filter>
    </ClInclude>
    <ClInclude Include="Source\Interface\Window.h">
      <Filter>Archivos de encabezado\Interface</Filter>
    </ClInclude>
    <ClInclude Include="Source\Utilities\Singleton.h">
      <Filter>Archivos de encabezado\Utilities</Filter>
    </ClInclude>
    <ClInclude Include="Source\Graphics\Application\Renderer.h">
      <Filter>Archivos de encabezado\Graphics\Application</Filter>
    </ClInclude>
    <ClInclude Include="Source\Graphics\Application\RenderingParameters.h">
      <Filter>Archivos de encabezado\Graphics\Application</Filter>
    </ClInclude>
    <ClInclude Include="Source\Utilities\Adapter.h">
      <Filter>Archivos de encabezado\Utilities</Filter>
    </ClInclude>
    <ClInclude Include="Source\Graphics\Core\CGEnumerations.h">
      <Filter>Archivos de encabezado\Graphics\Core</Filter>
    </ClInclude>
    <ClInclude Include="Source\Graphics\Core\CGStructs.h">
      <Filter>Archivos de encabezado\Graphics\Core</Filter>
    </ClInclude>
    <ClInclude Include="Source\Utilities\FileManagement.h">
      <Filter>Archivos de encabezado\Utilities</Filter>
    </ClInclude>
    <ClInclude Include="Source\Interface\Fonts\font_awesome.hpp">
      <Filter>Archivos de encabezado\Utilities\Fonts</Filter>
    </ClInclude>
    <ClInclude Include="Source\Interface\Fonts\IconsFontAwesome5.h">
      <Filter>Archivos de encabezado\Utilities\Fonts</Filter>
    </ClInclude>
    <ClInclude Include="Source\Interface\Fonts\lato.hpp">
      <Filter>Archivos de encabezado\Utilities\Fonts</Filter>
    </ClInclude>
    <ClInclude Include="Libraries\lodepng\lodepng.h">
      <Filter>Archivos de encabezado\Libraries\lodepng</Filter>
    </ClInclude>
    <ClInclude Include="Libraries\imgui\imconfig.h">
      <Filter>Archivos de encabezado\Libraries\imgui</Filter>
    </ClInclude>
    <ClInclude Include="Libraries\imgui\imgui.h">
      <Filter>Archivos de encabezado\Libraries\imgui</Filter>
    </ClInclude>
    <ClInclude Include="Libraries\imgui\examples\imgui_impl_glfw.h">
      <Filter>Archivos de encabezado\Libraries\imgui</Filter>
    </ClInclude>
    <ClInclude Include="Libraries\imgui\examples\imgui_impl_opengl3.h">
      <Filter>Archivos de encabezado\Libraries\imgui</Filter>
    </ClInclude>
    <ClInclude Include="Libraries\imgui\imgui_internal.h">
      <Filter>Archivos de encabezado\Libraries\imgui</Filter>
    </ClInclude>
    <ClInclude Include="Libraries\imgui\imstb_truetype.h">
      <Filter>Archivos de encabezado\Libraries\imgui</Filter>
    </ClInclude>
    <ClInclude Include="Source\Graphics\Core\ComputeShader.h">
      <Filter>Archivos de encabezado\Graphics\Core\Shader</Filter>
    </ClInclude>
    <ClInclude Include="Source\Graphics\Core\RenderingShader.h">
      <Filter>Archivos de encabezado\Graphics\Core\Shader</Filter>
    </ClInclude>
    <ClInclude Include="Source\Graphics\Core\ShaderList.h">
      <Filter>Archivos de encabezado\Graphics\Core\Shader</Filter>
    </ClInclude>
    <ClInclude Include="Source\Graphics\Core\ShaderProgram.h">
      <Filter>Archivos de encabezado\Graphics\Core\Shader</Filter>
    </ClInclude>
    <ClInclude Include="Source\Graphics\Core\OpenGLUtilities.h">
      <Filter>Archivos de encabezado\Graphics\Core</Filter>
    </ClInclude>
    <ClInclude Include="Source\Graphics\Application\MaterialList.h">
      <Filter>Archivos de encabezado\Graphics\Application</Filter>
    </ClInclude>
    <ClInclude Include="Source\Graphics\Application\TextureList.h">
      <Filter>Archivos de encabezado\Graphics\Application</Filter>
    </ClInclude>
    <ClInclude Include="Source\Graphics\Application\CGApplicationEnumerations.h">
      <Filter>Archivos de encabezado\Graphics\Application</Filter>
    </ClInclude>
    <ClInclude Include="Libraries\objloader\OBJ_Loader.h">
      <Filter>Archivos de encabezado\Libraries\objloader</Filter>
    </ClInclude>
    <ClInclude Include="Source\Geometry\3D\AABB.h">
      <Filter>Archivos de encabezado\Geometry\3D</Filter>
    </ClInclude>
    <ClInclude Include="Source\Graphics\Core\Model3D.h">
      <Filter>Archivos de encabezado\Graphics\Core\Models</Filter>
    </ClInclude>
    <ClInclude Include="Source\Graphics\Core\Group3D.h">
      <Filter>Archivos de encabezado\Graphics\Core\Models</Filter>
    </ClInclude>
    <ClInclude Include="Source\Graphics\Core\CADModel.h">
      <Filter>Archivos de encabezado\Graphics\Core\Models</Filter>
    </ClInclude>
    <ClInclude Include="Source\Graphics\Core\Image.h">
      <Filter>Archivos de encabezado\Graphics\Core\Image</Filter>
    </ClInclude>
    <ClInclude Include="Source\Graphics\Core\UnsignedImage.h">
      <Filter>Archivos de encabezado\Graphics\Core\Image</Filter>
    </ClInclude>
    <ClInclude Include="Source\Graphics\Core\FBO.h">
      <Filter>Archivos de encabezado\Graphics\Core\FBO</Filter>
    </ClInclude>
    <ClInclude Include="Source\Graphics\Core\FBOScreenshot.h">
      <Filter>Archivos de encabezado\Graphics\Core\FBO</Filter>
    </ClInclude>
    <ClInclude Include="Source\Graphics\Core\RayTracer.h">
      <Filter>Archivos de encabezado\Graphics\Core\RayTracing</Filter>
    </ClInclude>
    <ClInclude Include="Source\Graphics\Core\VAO.h">
      <Filter>Archivos de encabezado\Graphics\Core\ClassicOpenGL</Filter>
    </ClInclude>
    <ClInclude Include="Source\Graphics\Application\CameraManager.h">
      <Filter>Archivos de encabezado\Graphics\Application</Filter>
    </ClInclude>
    <ClInclude Include="Source\Graphics\Application\Scene.h">
      <Filter>Archivos de encabezado\Graphics\Application</Filter>
    </ClInclude>
    <ClInclude Include="Source\Utilities\BasicOperations.h">
      <Filter>Archivos de encabezado\Utilities</Filter>
    </ClInclude>
    <ClInclude Include="Source\Graphics\Core\Camera.h">
      <Filter>Archivos de encabezado\Graphics\Core\ClassicOpenGL\Camera</Filter>
    </ClInclude>
    <ClInclude Include="Source\Graphics\Application\GeometricScene.h">
      <Filter>Archivos de encabezado\Graphics\Application</Filter>
    </ClInclude>
    <ClInclude Include="Source\Geometry\3D\Ray3D.h">
      <Filter>Archivos de encabezado\Geometry\3D</Filter>
    </ClInclude>
    <ClInclude Include="Source\Utilities\RandomUtilities.h">
      <Filter>Archivos de encabezado\Utilities</Filter>
    </ClInclude>
    <ClInclude Include="Source\Graphics\Core\MaterialType.h">
      <Filter>Archivos de encabezado\Graphics\Core\RayTracing\Material</Filter>
    </ClInclude>
    <ClInclude Include="Source\Graphics\Core\LambertianMaterial.h">
      <Filter>Archivos de encabezado\Graphics\Core\RayTracing\Material</Filter>
    </ClInclude>
    <ClInclude Include="Source\Graphics\Core\MetalMaterial.h">
      <Filter>Archivos de encabezado\Graphics\Core\RayTracing\Material</Filter>
    </ClInclude>
    <ClInclude Include="Source\Graphics\Core\DielectricMaterial.h">
      <Filter>Archivos de encabezado\Graphics\Core\RayTracing\Material</Filter>
    </ClInclude>
    <ClInclude Include="Source\DataStructures\BVH.h">
      <Filter>Archivos de encabezado\Data Structures</Filter>
    </ClInclude>
    <ClInclude Include="Source\Graphics\Core\FloatImage.h">
      <Filter>Archivos de encabezado\Graphics\Core\Image</Filter>
    </ClInclude>
    <ClInclude Include="Source\Graphics\Core\OpenGLTexture.h">
      <Filter>Archivos de encabezado\Graphics\Core\ClassicOpenGL</Filter>
    </ClInclude>
    <ClInclude Include="Source\Graphics\Core\ImageTexture.h">
      <Filter>Archivos de encabezado\Graphics\Core\RayTracing\Texture</Filter>
    </ClInclude>
    <ClInclude Include="Source\Graphics\Core\DiffuseLightMaterial.h">
      <Filter>Archivos de encabezado\Graphics\Core\RayTracing\Material</Filter>
    </ClInclude>
    <ClInclude Include="Source\Graphics\Core\MovingSphere.h">
      <Filter>Archivos de encabezado\Graphics\Core\RayTracing\Models</Filter>
    </ClInclude>
    <ClInclude Include="Source\Graphics\Core\Rectangle.h">
      <Filter>Archivos de encabezado\Graphics\Core\RayTracing\Models</Filter>
    </ClInclude>
    <ClInclude Include="Source\Graphics\Core\Sphere.h">
      <Filter>Archivos de encabezado\Graphics\Core\RayTracing\Models</Filter>
    </ClInclude>
    <ClInclude Include="Source\Graphics\Core\Hittable.h">
      <Filter>Archivos de encabezado\Graphics\Core\RayTracing\Models</Filter>
    </ClInclude>
    <ClInclude Include="Source\Graphics\Core\Texture.h">
      <Filter>Archivos de encabezado\Graphics\Core\RayTracing\Material</Filter>
    </ClInclude>
    <ClInclude Include="Source\Graphics\Core\Material.h">
      <Filter>Archivos de encabezado\Graphics\Core\RayTracing\Material</Filter>
    </ClInclude>
    <ClInclude Include="Source\Utilities\Perlin.h">
      <Filter>Archivos de encabezado\Utilities</Filter>
    </ClInclude>
    <ClInclude Include="Source\Graphics\Core\NoiseTexture.h">
      <Filter>Archivos de encabezado\Graphics\Core\RayTracing\Texture</Filter>
    </ClInclude>
    <ClInclude Include="Source\Graphics\Core\Box.h">
      <Filter>Archivos de encabezado\Graphics\Core\RayTracing\Models</Filter>
    </ClInclude>
    <ClInclude Include="Source\Graphics\Core\HittableList.h">
      <Filter>Archivos de encabezado\Graphics\Core\RayTracing\Models</Filter>
    </ClInclude>
    <ClInclude Include="Source\Graphics\Core\TransformedHittable.h">
      <Filter>Archivos de encabezado\Graphics\Core\RayTracing\Models</Filter>
    </ClInclude>
    <ClInclude Include="Source\Graphics\Core\ConstantMedium.h">
      <Filter>Archivos de encabezado\Graphics\Core\RayTracing\Models</Filter>
    </ClInclude>
    <ClInclude Include="Source\Graphics\Core\IsotropicMaterial.h">
      <Filter>Archivos de encabezado\Graphics\Core\RayTracing\Material</Filter>
    </ClInclude>
    <ClInclude Include="Source\Utilities\ONB.h">
      <Filter>Archivos de encabezado\Utilities</Filter>
    </ClInclude>
  </ItemGroup>
  <ItemGroup>
    <None Include="Assets\Shaders\2D\renderQuad-frag.glsl">
      <Filter>Archivos de recursos\Shaders\Rendering</Filter>
    </None>
    <None Include="Assets\Shaders\2D\renderQuad-vert.glsl">
      <Filter>Archivos de recursos\Shaders\Rendering</Filter>
    </None>
  </ItemGroup>
</Project>